
Microsoft Visual Studio Solution File, Format Version 12.00
# Visual Studio Version 16
VisualStudioVersion = 25.0.1706.8
MinimumVisualStudioVersion = 10.0.40219.1
Project("{FAE04EC0-301F-11D3-BF4B-00C04F79EFBC}") = "recursive", "recursive\recursive.csproj", "{8F3D708C-4EF3-4513-B4BA-4A5CA123B5D6}"
EndProject
Project("{FAE04EC0-301F-11D3-BF4B-00C04F79EFBC}") = "TestRecursive", "TestRecursive\TestRecursive.csproj", "{D17188D4-4B75-4FC7-8023-D8A2D241ADEC}"
EndProject
Global
	GlobalSection(SolutionConfigurationPlatforms) = preSolution
		Debug|Any CPU = Debug|Any CPU
		Release|Any CPU = Release|Any CPU
	EndGlobalSection
	GlobalSection(ProjectConfigurationPlatforms) = postSolution
		{8F3D708C-4EF3-4513-B4BA-4A5CA123B5D6}.Debug|Any CPU.ActiveCfg = Debug|Any CPU
		{8F3D708C-4EF3-4513-B4BA-4A5CA123B5D6}.Debug|Any CPU.Build.0 = Debug|Any CPU
		{8F3D708C-4EF3-4513-B4BA-4A5CA123B5D6}.Release|Any CPU.ActiveCfg = Release|Any CPU
		{8F3D708C-4EF3-4513-B4BA-4A5CA123B5D6}.Release|Any CPU.Build.0 = Release|Any CPU
		{D17188D4-4B75-4FC7-8023-D8A2D241ADEC}.Debug|Any CPU.ActiveCfg = Debug|Any CPU
		{D17188D4-4B75-4FC7-8023-D8A2D241ADEC}.Debug|Any CPU.Build.0 = Debug|Any CPU
		{D17188D4-4B75-4FC7-8023-D8A2D241ADEC}.Release|Any CPU.ActiveCfg = Release|Any CPU
		{D17188D4-4B75-4FC7-8023-D8A2D241ADEC}.Release|Any CPU.Build.0 = Release|Any CPU
	EndGlobalSection
	GlobalSection(SolutionProperties) = preSolution
		HideSolutionNode = FALSE
	EndGlobalSection
	GlobalSection(ExtensibilityGlobals) = postSolution
		SolutionGuid = {24B5FEA2-473F-4D3C-8D0E-3BDC9C3E4716}
	EndGlobalSection
EndGlobal
